
Microsoft Visual Studio Solution File, Format Version 12.00
# Visual Studio Version 17
VisualStudioVersion = 17.2.32616.157
MinimumVisualStudioVersion = 10.0.40219.1
Project("{FAE04EC0-301F-11D3-BF4B-00C04F79EFBC}") = "API", "API.csproj", "{23711644-6A56-49ED-A0AE-3D2EF7640A42}"
EndProject
Global
	GlobalSection(SolutionConfigurationPlatforms) = preSolution
		Debug|Any CPU = Debug|Any CPU
		Release|Any CPU = Release|Any CPU
	EndGlobalSection
	GlobalSection(ProjectConfigurationPlatforms) = postSolution
		{23711644-6A56-49ED-A0AE-3D2EF7640A42}.Debug|Any CPU.ActiveCfg = Debug|Any CPU
		{23711644-6A56-49ED-A0AE-3D2EF7640A42}.Debug|Any CPU.Build.0 = Debug|Any CPU
		{23711644-6A56-49ED-A0AE-3D2EF7640A42}.Release|Any CPU.ActiveCfg = Release|Any CPU
		{23711644-6A56-49ED-A0AE-3D2EF7640A42}.Release|Any CPU.Build.0 = Release|Any CPU
	EndGlobalSection
	GlobalSection(SolutionProperties) = preSolution
		HideSolutionNode = FALSE
	EndGlobalSection
	GlobalSection(ExtensibilityGlobals) = postSolution
		SolutionGuid = {5C49D87B-14CD-4EBB-BDC6-2E93B4A63028}
	EndGlobalSection
EndGlobal
